// !$*UTF8*$!
{
	archiveVersion = 1;
	classes = {
	};
	objectVersion = 46;
	objects = {

/* Begin PBXBuildFile section */
		B20E0A4D1C7FD4D50041A3D3 /* AppDelegate.swift in Sources */ = {isa = PBXBuildFile; fileRef = B20E0A4C1C7FD4D50041A3D3 /* AppDelegate.swift */; };
		B20E0A4F1C7FD4D50041A3D3 /* ViewController.swift in Sources */ = {isa = PBXBuildFile; fileRef = B20E0A4E1C7FD4D50041A3D3 /* ViewController.swift */; };
		B20E0A521C7FD4D50041A3D3 /* Main.storyboard in Resources */ = {isa = PBXBuildFile; fileRef = B20E0A501C7FD4D50041A3D3 /* Main.storyboard */; };
		B20E0A541C7FD4D50041A3D3 /* Assets.xcassets in Resources */ = {isa = PBXBuildFile; fileRef = B20E0A531C7FD4D50041A3D3 /* Assets.xcassets */; };
		B20E0A571C7FD4D50041A3D3 /* LaunchScreen.storyboard in Resources */ = {isa = PBXBuildFile; fileRef = B20E0A551C7FD4D50041A3D3 /* LaunchScreen.storyboard */; };
		B20E0A621C7FD4D50041A3D3 /* freeStuffTests.swift in Sources */ = {isa = PBXBuildFile; fileRef = B20E0A611C7FD4D50041A3D3 /* freeStuffTests.swift */; };
		B20E0A6D1C7FD4D50041A3D3 /* freeStuffUITests.swift in Sources */ = {isa = PBXBuildFile; fileRef = B20E0A6C1C7FD4D50041A3D3 /* freeStuffUITests.swift */; };
/* End PBXBuildFile section */

/* Begin PBXContainerItemProxy section */
		B20E0A5E1C7FD4D50041A3D3 /* PBXContainerItemProxy */ = {
			isa = PBXContainerItemProxy;
			containerPortal = B20E0A411C7FD4D50041A3D3 /* Project object */;
			proxyType = 1;
			remoteGlobalIDString = B20E0A481C7FD4D50041A3D3;
			remoteInfo = freeStuff;
		};
		B20E0A691C7FD4D50041A3D3 /* PBXContainerItemProxy */ = {
			isa = PBXContainerItemProxy;
			containerPortal = B20E0A411C7FD4D50041A3D3 /* Project object */;
			proxyType = 1;
			remoteGlobalIDString = B20E0A481C7FD4D50041A3D3;
			remoteInfo = freeStuff;
		};
/* End PBXContainerItemProxy section */

/* Begin PBXFileReference section */
		B20E0A491C7FD4D50041A3D3 /* freeStuff.app */ = {isa = PBXFileReference; explicitFileType = wrapper.application; includeInIndex = 0; path = freeStuff.app; sourceTree = BUILT_PRODUCTS_DIR; };
		B20E0A4C1C7FD4D50041A3D3 /* AppDelegate.swift */ = {isa = PBXFileReference; lastKnownFileType = sourcecode.swift; path = AppDelegate.swift; sourceTree = "<group>"; };
		B20E0A4E1C7FD4D50041A3D3 /* ViewController.swift */ = {isa = PBXFileReference; lastKnownFileType = sourcecode.swift; path = ViewController.swift; sourceTree = "<group>"; };
		B20E0A511C7FD4D50041A3D3 /* Base */ = {isa = PBXFileReference; lastKnownFileType = file.storyboard; name = Base; path = Base.lproj/Main.storyboard; sourceTree = "<group>"; };
		B20E0A531C7FD4D50041A3D3 /* Assets.xcassets */ = {isa = PBXFileReference; lastKnownFileType = folder.assetcatalog; path = Assets.xcassets; sourceTree = "<group>"; };
		B20E0A561C7FD4D50041A3D3 /* Base */ = {isa = PBXFileReference; lastKnownFileType = file.storyboard; name = Base; path = Base.lproj/LaunchScreen.storyboard; sourceTree = "<group>"; };
		B20E0A581C7FD4D50041A3D3 /* Info.plist */ = {isa = PBXFileReference; lastKnownFileType = text.plist.xml; path = Info.plist; sourceTree = "<group>"; };
		B20E0A5D1C7FD4D50041A3D3 /* freeStuffTests.xctest */ = {isa = PBXFileReference; explicitFileType = wrapper.cfbundle; includeInIndex = 0; path = freeStuffTests.xctest; sourceTree = BUILT_PRODUCTS_DIR; };
		B20E0A611C7FD4D50041A3D3 /* freeStuffTests.swift */ = {isa = PBXFileReference; lastKnownFileType = sourcecode.swift; path = freeStuffTests.swift; sourceTree = "<group>"; };
		B20E0A631C7FD4D50041A3D3 /* Info.plist */ = {isa = PBXFileReference; lastKnownFileType = text.plist.xml; path = Info.plist; sourceTree = "<group>"; };
		B20E0A681C7FD4D50041A3D3 /* freeStuffUITests.xctest */ = {isa = PBXFileReference; explicitFileType = wrapper.cfbundle; includeInIndex = 0; path = freeStuffUITests.xctest; sourceTree = BUILT_PRODUCTS_DIR; };
		B20E0A6C1C7FD4D50041A3D3 /* freeStuffUITests.swift */ = {isa = PBXFileReference; lastKnownFileType = sourcecode.swift; path = freeStuffUITests.swift; sourceTree = "<group>"; };
		B20E0A6E1C7FD4D50041A3D3 /* Info.plist */ = {isa = PBXFileReference; lastKnownFileType = text.plist.xml; path = Info.plist; sourceTree = "<group>"; };
/* End PBXFileReference section */

/* Begin PBXFrameworksBuildPhase section */
		B20E0A461C7FD4D50041A3D3 /* Frameworks */ = {
			isa = PBXFrameworksBuildPhase;
			buildActionMask = 2147483647;
			files = (
			);
			runOnlyForDeploymentPostprocessing = 0;
		};
		B20E0A5A1C7FD4D50041A3D3 /* Frameworks */ = {
			isa = PBXFrameworksBuildPhase;
			buildActionMask = 2147483647;
			files = (
			);
			runOnlyForDeploymentPostprocessing = 0;
		};
		B20E0A651C7FD4D50041A3D3 /* Frameworks */ = {
			isa = PBXFrameworksBuildPhase;
			buildActionMask = 2147483647;
			files = (
			);
			runOnlyForDeploymentPostprocessing = 0;
		};
/* End PBXFrameworksBuildPhase section */

/* Begin PBXGroup section */
		B20E0A401C7FD4D50041A3D3 = {
			isa = PBXGroup;
			children = (
				B20E0A4B1C7FD4D50041A3D3 /* freeStuff */,
				B20E0A601C7FD4D50041A3D3 /* freeStuffTests */,
				B20E0A6B1C7FD4D50041A3D3 /* freeStuffUITests */,
				B20E0A4A1C7FD4D50041A3D3 /* Products */,
			);
			sourceTree = "<group>";
		};
		B20E0A4A1C7FD4D50041A3D3 /* Products */ = {
			isa = PBXGroup;
			children = (
				B20E0A491C7FD4D50041A3D3 /* freeStuff.app */,
				B20E0A5D1C7FD4D50041A3D3 /* freeStuffTests.xctest */,
				B20E0A681C7FD4D50041A3D3 /* freeStuffUITests.xctest */,
			);
			name = Products;
			sourceTree = "<group>";
		};
		B20E0A4B1C7FD4D50041A3D3 /* freeStuff */ = {
			isa = PBXGroup;
			children = (
				B20E0A4C1C7FD4D50041A3D3 /* AppDelegate.swift */,
				B20E0A4E1C7FD4D50041A3D3 /* ViewController.swift */,
				B20E0A501C7FD4D50041A3D3 /* Main.storyboard */,
				B20E0A531C7FD4D50041A3D3 /* Assets.xcassets */,
				B20E0A551C7FD4D50041A3D3 /* LaunchScreen.storyboard */,
				B20E0A581C7FD4D50041A3D3 /* Info.plist */,
			);
			path = freeStuff;
			sourceTree = "<group>";
		};
		B20E0A601C7FD4D50041A3D3 /* freeStuffTests */ = {
			isa = PBXGroup;
			children = (
				B20E0A611C7FD4D50041A3D3 /* freeStuffTests.swift */,
				B20E0A631C7FD4D50041A3D3 /* Info.plist */,
			);
			path = freeStuffTests;
			sourceTree = "<group>";
		};
		B20E0A6B1C7FD4D50041A3D3 /* freeStuffUITests */ = {
			isa = PBXGroup;
			children = (
				B20E0A6C1C7FD4D50041A3D3 /* freeStuffUITests.swift */,
				B20E0A6E1C7FD4D50041A3D3 /* Info.plist */,
			);
			path = freeStuffUITests;
			sourceTree = "<group>";
		};
/* End PBXGroup section */

/* Begin PBXNativeTarget section */
		B20E0A481C7FD4D50041A3D3 /* freeStuff */ = {
			isa = PBXNativeTarget;
			buildConfigurationList = B20E0A711C7FD4D50041A3D3 /* Build configuration list for PBXNativeTarget "freeStuff" */;
			buildPhases = (
				B20E0A451C7FD4D50041A3D3 /* Sources */,
				B20E0A461C7FD4D50041A3D3 /* Frameworks */,
				B20E0A471C7FD4D50041A3D3 /* Resources */,
			);
			buildRules = (
			);
			dependencies = (
			);
			name = freeStuff;
			productName = freeStuff;
			productReference = B20E0A491C7FD4D50041A3D3 /* freeStuff.app */;
			productType = "com.apple.product-type.application";
		};
		B20E0A5C1C7FD4D50041A3D3 /* freeStuffTests */ = {
			isa = PBXNativeTarget;
			buildConfigurationList = B20E0A741C7FD4D50041A3D3 /* Build configuration list for PBXNativeTarget "freeStuffTests" */;
			buildPhases = (
				B20E0A591C7FD4D50041A3D3 /* Sources */,
				B20E0A5A1C7FD4D50041A3D3 /* Frameworks */,
				B20E0A5B1C7FD4D50041A3D3 /* Resources */,
			);
			buildRules = (
			);
			dependencies = (
				B20E0A5F1C7FD4D50041A3D3 /* PBXTargetDependency */,
			);
			name = freeStuffTests;
			productName = freeStuffTests;
			productReference = B20E0A5D1C7FD4D50041A3D3 /* freeStuffTests.xctest */;
			productType = "com.apple.product-type.bundle.unit-test";
		};
		B20E0A671C7FD4D50041A3D3 /* freeStuffUITests */ = {
			isa = PBXNativeTarget;
			buildConfigurationList = B20E0A771C7FD4D50041A3D3 /* Build configuration list for PBXNativeTarget "freeStuffUITests" */;
			buildPhases = (
				B20E0A641C7FD4D50041A3D3 /* Sources */,
				B20E0A651C7FD4D50041A3D3 /* Frameworks */,
				B20E0A661C7FD4D50041A3D3 /* Resources */,
			);
			buildRules = (
			);
			dependencies = (
				B20E0A6A1C7FD4D50041A3D3 /* PBXTargetDependency */,
			);
			name = freeStuffUITests;
			productName = freeStuffUITests;
			productReference = B20E0A681C7FD4D50041A3D3 /* freeStuffUITests.xctest */;
			productType = "com.apple.product-type.bundle.ui-testing";
		};
/* End PBXNativeTarget section */

/* Begin PBXProject section */
		B20E0A411C7FD4D50041A3D3 /* Project object */ = {
			isa = PBXProject;
			attributes = {
				LastSwiftUpdateCheck = 0720;
				LastUpgradeCheck = 0720;
				ORGANIZATIONNAME = "Tim Barnard";
				TargetAttributes = {
					B20E0A481C7FD4D50041A3D3 = {
						CreatedOnToolsVersion = 7.2.1;
					};
					B20E0A5C1C7FD4D50041A3D3 = {
						CreatedOnToolsVersion = 7.2.1;
						TestTargetID = B20E0A481C7FD4D50041A3D3;
					};
					B20E0A671C7FD4D50041A3D3 = {
						CreatedOnToolsVersion = 7.2.1;
						TestTargetID = B20E0A481C7FD4D50041A3D3;
					};
				};
			};
			buildConfigurationList = B20E0A441C7FD4D50041A3D3 /* Build configuration list for PBXProject "freeStuff" */;
			compatibilityVersion = "Xcode 3.2";
			developmentRegion = English;
			hasScannedForEncodings = 0;
			knownRegions = (
				en,
				Base,
			);
			mainGroup = B20E0A401C7FD4D50041A3D3;
			productRefGroup = B20E0A4A1C7FD4D50041A3D3 /* Products */;
			projectDirPath = "";
			projectRoot = "";
			targets = (
				B20E0A481C7FD4D50041A3D3 /* freeStuff */,
				B20E0A5C1C7FD4D50041A3D3 /* freeStuffTests */,
				B20E0A671C7FD4D50041A3D3 /* freeStuffUITests */,
			);
		};
/* End PBXProject section */

/* Begin PBXResourcesBuildPhase section */
		B20E0A471C7FD4D50041A3D3 /* Resources */ = {
			isa = PBXResourcesBuildPhase;
			buildActionMask = 2147483647;
			files = (
				B20E0A571C7FD4D50041A3D3 /* LaunchScreen.storyboard in Resources */,
				B20E0A541C7FD4D50041A3D3 /* Assets.xcassets in Resources */,
				B20E0A521C7FD4D50041A3D3 /* Main.storyboard in Resources */,
			);
			runOnlyForDeploymentPostprocessing = 0;
		};
		B20E0A5B1C7FD4D50041A3D3 /* Resources */ = {
			isa = PBXResourcesBuildPhase;
			buildActionMask = 2147483647;
			files = (
			);
			runOnlyForDeploymentPostprocessing = 0;
		};
		B20E0A661C7FD4D50041A3D3 /* Resources */ = {
			isa = PBXResourcesBuildPhase;
			buildActionMask = 2147483647;
			files = (
			);
			runOnlyForDeploymentPostprocessing = 0;
		};
/* End PBXResourcesBuildPhase section */

/* Begin PBXSourcesBuildPhase section */
		B20E0A451C7FD4D50041A3D3 /* Sources */ = {
			isa = PBXSourcesBuildPhase;
			buildActionMask = 2147483647;
			files = (
				B20E0A4F1C7FD4D50041A3D3 /* ViewController.swift in Sources */,
				B20E0A4D1C7FD4D50041A3D3 /* AppDelegate.swift in Sources */,
			);
			runOnlyForDeploymentPostprocessing = 0;
		};
		B20E0A591C7FD4D50041A3D3 /* Sources */ = {
			isa = PBXSourcesBuildPhase;
			buildActionMask = 2147483647;
			files = (
				B20E0A621C7FD4D50041A3D3 /* freeStuffTests.swift in Sources */,
			);
			runOnlyForDeploymentPostprocessing = 0;
		};
		B20E0A641C7FD4D50041A3D3 /* Sources */ = {
			isa = PBXSourcesBuildPhase;
			buildActionMask = 2147483647;
			files = (
				B20E0A6D1C7FD4D50041A3D3 /* freeStuffUITests.swift in Sources */,
			);
			runOnlyForDeploymentPostprocessing = 0;
		};
/* End PBXSourcesBuildPhase section */

/* Begin PBXTargetDependency section */
		B20E0A5F1C7FD4D50041A3D3 /* PBXTargetDependency */ = {
			isa = PBXTargetDependency;
			target = B20E0A481C7FD4D50041A3D3 /* freeStuff */;
			targetProxy = B20E0A5E1C7FD4D50041A3D3 /* PBXContainerItemProxy */;
		};
		B20E0A6A1C7FD4D50041A3D3 /* PBXTargetDependency */ = {
			isa = PBXTargetDependency;
			target = B20E0A481C7FD4D50041A3D3 /* freeStuff */;
			targetProxy = B20E0A691C7FD4D50041A3D3 /* PBXContainerItemProxy */;
		};
/* End PBXTargetDependency section */

/* Begin PBXVariantGroup section */
		B20E0A501C7FD4D50041A3D3 /* Main.storyboard */ = {
			isa = PBXVariantGroup;
			children = (
				B20E0A511C7FD4D50041A3D3 /* Base */,
			);
			name = Main.storyboard;
			sourceTree = "<group>";
		};
		B20E0A551C7FD4D50041A3D3 /* LaunchScreen.storyboard */ = {
			isa = PBXVariantGroup;
			children = (
				B20E0A561C7FD4D50041A3D3 /* Base */,
			);
			name = LaunchScreen.storyboard;
			sourceTree = "<group>";
		};
/* End PBXVariantGroup section */

/* Begin XCBuildConfiguration section */
		B20E0A6F1C7FD4D50041A3D3 /* Debug */ = {
			isa = XCBuildConfiguration;
			buildSettings = {
				ALWAYS_SEARCH_USER_PATHS = NO;
				CLANG_CXX_LANGUAGE_STANDARD = "gnu++0x";
				CLANG_CXX_LIBRARY = "libc++";
				CLANG_ENABLE_MODULES = YES;
				CLANG_ENABLE_OBJC_ARC = YES;
				CLANG_WARN_BOOL_CONVERSION = YES;
				CLANG_WARN_CONSTANT_CONVERSION = YES;
				CLANG_WARN_DIRECT_OBJC_ISA_USAGE = YES_ERROR;
				CLANG_WARN_EMPTY_BODY = YES;
				CLANG_WARN_ENUM_CONVERSION = YES;
				CLANG_WARN_INT_CONVERSION = YES;
				CLANG_WARN_OBJC_ROOT_CLASS = YES_ERROR;
				CLANG_WARN_UNREACHABLE_CODE = YES;
				CLANG_WARN__DUPLICATE_METHOD_MATCH = YES;
				"CODE_SIGN_IDENTITY[sdk=iphoneos*]" = "iPhone Developer";
				COPY_PHASE_STRIP = NO;
				DEBUG_INFORMATION_FORMAT = dwarf;
				ENABLE_STRICT_OBJC_MSGSEND = YES;
				ENABLE_TESTABILITY = YES;
				GCC_C_LANGUAGE_STANDARD = gnu99;
				GCC_DYNAMIC_NO_PIC = NO;
				GCC_NO_COMMON_BLOCKS = YES;
				GCC_OPTIMIZATION_LEVEL = 0;
				GCC_PREPROCESSOR_DEFINITIONS = (
					"DEBUG=1",
					"$(inherited)",
				);
				GCC_WARN_64_TO_32_BIT_CONVERSION = YES;
				GCC_WARN_ABOUT_RETURN_TYPE = YES_ERROR;
				GCC_WARN_UNDECLARED_SELECTOR = YES;
				GCC_WARN_UNINITIALIZED_AUTOS = YES_AGGRESSIVE;
				GCC_WARN_UNUSED_FUNCTION = YES;
				GCC_WARN_UNUSED_VARIABLE = YES;
				IPHONEOS_DEPLOYMENT_TARGET = 9.2;
				MTL_ENABLE_DEBUG_INFO = YES;
				ONLY_ACTIVE_ARCH = YES;
				SDKROOT = iphoneos;
				SWIFT_OPTIMIZATION_LEVEL = "-Onone";
				TARGETED_DEVICE_FAMILY = "1,2";
			};
			name = Debug;
		};
		B20E0A701C7FD4D50041A3D3 /* Release */ = {
			isa = XCBuildConfiguration;
			buildSettings = {
				ALWAYS_SEARCH_USER_PATHS = NO;
				CLANG_CXX_LANGUAGE_STANDARD = "gnu++0x";
				CLANG_CXX_LIBRARY = "libc++";
				CLANG_ENABLE_MODULES = YES;
				CLANG_ENABLE_OBJC_ARC = YES;
				CLANG_WARN_BOOL_CONVERSION = YES;
				CLANG_WARN_CONSTANT_CONVERSION = YES;
				CLANG_WARN_DIRECT_OBJC_ISA_USAGE = YES_ERROR;
				CLANG_WARN_EMPTY_BODY = YES;
				CLANG_WARN_ENUM_CONVERSION = YES;
				CLANG_WARN_INT_CONVERSION = YES;
				CLANG_WARN_OBJC_ROOT_CLASS = YES_ERROR;
				CLANG_WARN_UNREACHABLE_CODE = YES;
				CLANG_WARN__DUPLICATE_METHOD_MATCH = YES;
				"CODE_SIGN_IDENTITY[sdk=iphoneos*]" = "iPhone Developer";
				COPY_PHASE_STRIP = NO;
				DEBUG_INFORMATION_FORMAT = "dwarf-with-dsym";
				ENABLE_NS_ASSERTIONS = NO;
				ENABLE_STRICT_OBJC_MSGSEND = YES;
				GCC_C_LANGUAGE_STANDARD = gnu99;
				GCC_NO_COMMON_BLOCKS = YES;
				GCC_WARN_64_TO_32_BIT_CONVERSION = YES;
				GCC_WARN_ABOUT_RETURN_TYPE = YES_ERROR;
				GCC_WARN_UNDECLARED_SELECTOR = YES;
				GCC_WARN_UNINITIALIZED_AUTOS = YES_AGGRESSIVE;
				GCC_WARN_UNUSED_FUNCTION = YES;
				GCC_WARN_UNUSED_VARIABLE = YES;
				IPHONEOS_DEPLOYMENT_TARGET = 9.2;
				MTL_ENABLE_DEBUG_INFO = NO;
				SDKROOT = iphoneos;
				TARGETED_DEVICE_FAMILY = "1,2";
				VALIDATE_PRODUCT = YES;
			};
			name = Release;
		};
		B20E0A721C7FD4D50041A3D3 /* Debug */ = {
			isa = XCBuildConfiguration;
			buildSettings = {
				ASSETCATALOG_COMPILER_APPICON_NAME = AppIcon;
				INFOPLIST_FILE = freeStuff/Info.plist;
				LD_RUNPATH_SEARCH_PATHS = "$(inherited) @executable_path/Frameworks";
				PRODUCT_BUNDLE_IDENTIFIER = com.tim.freeStuff;
				PRODUCT_NAME = "$(TARGET_NAME)";
			};
			name = Debug;
		};
		B20E0A731C7FD4D50041A3D3 /* Release */ = {
			isa = XCBuildConfiguration;
			buildSettings = {
				ASSETCATALOG_COMPILER_APPICON_NAME = AppIcon;
				INFOPLIST_FILE = freeStuff/Info.plist;
				LD_RUNPATH_SEARCH_PATHS = "$(inherited) @executable_path/Frameworks";
				PRODUCT_BUNDLE_IDENTIFIER = com.tim.freeStuff;
				PRODUCT_NAME = "$(TARGET_NAME)";
			};
			name = Release;
		};
		B20E0A751C7FD4D50041A3D3 /* Debug */ = {
			isa = XCBuildConfiguration;
			buildSettings = {
				BUNDLE_LOADER = "$(TEST_HOST)";
				INFOPLIST_FILE = freeStuffTests/Info.plist;
				LD_RUNPATH_SEARCH_PATHS = "$(inherited) @executable_path/Frameworks @loader_path/Frameworks";
				PRODUCT_BUNDLE_IDENTIFIER = com.tim.freeStuffTests;
				PRODUCT_NAME = "$(TARGET_NAME)";
				TEST_HOST = "$(BUILT_PRODUCTS_DIR)/freeStuff.app/freeStuff";
			};
			name = Debug;
		};
		B20E0A761C7FD4D50041A3D3 /* Release */ = {
			isa = XCBuildConfiguration;
			buildSettings = {
				BUNDLE_LOADER = "$(TEST_HOST)";
				INFOPLIST_FILE = freeStuffTests/Info.plist;
				LD_RUNPATH_SEARCH_PATHS = "$(inherited) @executable_path/Frameworks @loader_path/Frameworks";
				PRODUCT_BUNDLE_IDENTIFIER = com.tim.freeStuffTests;
				PRODUCT_NAME = "$(TARGET_NAME)";
				TEST_HOST = "$(BUILT_PRODUCTS_DIR)/freeStuff.app/freeStuff";
			};
			name = Release;
		};
		B20E0A781C7FD4D50041A3D3 /* Debug */ = {
			isa = XCBuildConfiguration;
			buildSettings = {
				INFOPLIST_FILE = freeStuffUITests/Info.plist;
				LD_RUNPATH_SEARCH_PATHS = "$(inherited) @executable_path/Frameworks @loader_path/Frameworks";
				PRODUCT_BUNDLE_IDENTIFIER = com.tim.freeStuffUITests;
				PRODUCT_NAME = "$(TARGET_NAME)";
				TEST_TARGET_NAME = freeStuff;
				USES_XCTRUNNER = YES;
			};
			name = Debug;
		};
		B20E0A791C7FD4D50041A3D3 /* Release */ = {
			isa = XCBuildConfiguration;
			buildSettings = {
				INFOPLIST_FILE = freeStuffUITests/Info.plist;
				LD_RUNPATH_SEARCH_PATHS = "$(inherited) @executable_path/Frameworks @loader_path/Frameworks";
				PRODUCT_BUNDLE_IDENTIFIER = com.tim.freeStuffUITests;
				PRODUCT_NAME = "$(TARGET_NAME)";
				TEST_TARGET_NAME = freeStuff;
				USES_XCTRUNNER = YES;
			};
			name = Release;
		};
/* End XCBuildConfiguration section */

/* Begin XCConfigurationList section */
		B20E0A441C7FD4D50041A3D3 /* Build configuration list for PBXProject "freeStuff" */ = {
			isa = XCConfigurationList;
			buildConfigurations = (
				B20E0A6F1C7FD4D50041A3D3 /* Debug */,
				B20E0A701C7FD4D50041A3D3 /* Release */,
			);
			defaultConfigurationIsVisible = 0;
			defaultConfigurationName = Release;
		};
		B20E0A711C7FD4D50041A3D3 /* Build configuration list for PBXNativeTarget "freeStuff" */ = {
			isa = XCConfigurationList;
			buildConfigurations = (
				B20E0A721C7FD4D50041A3D3 /* Debug */,
				B20E0A731C7FD4D50041A3D3 /* Release */,
			);
			defaultConfigurationIsVisible = 0;
		};
		B20E0A741C7FD4D50041A3D3 /* Build configuration list for PBXNativeTarget "freeStuffTests" */ = {
			isa = XCConfigurationList;
			buildConfigurations = (
				B20E0A751C7FD4D50041A3D3 /* Debug */,
				B20E0A761C7FD4D50041A3D3 /* Release */,
			);
			defaultConfigurationIsVisible = 0;
		};
		B20E0A771C7FD4D50041A3D3 /* Build configuration list for PBXNativeTarget "freeStuffUITests" */ = {
			isa = XCConfigurationList;
			buildConfigurations = (
				B20E0A781C7FD4D50041A3D3 /* Debug */,
				B20E0A791C7FD4D50041A3D3 /* Release */,
			);
			defaultConfigurationIsVisible = 0;
		};
/* End XCConfigurationList section */
	};
	rootObject = B20E0A411C7FD4D50041A3D3 /* Project object */;
}
