// !$*UTF8*$!
{
	archiveVersion = 1;
	classes = {
	};
	objectVersion = 46;
	objects = {

/* Begin PBXBuildFile section */
		2F6E3BFA1CC6F55A00937584 /* LoginViewController.swift in Sources */ = {isa = PBXBuildFile; fileRef = 2F6E3BF91CC6F55A00937584 /* LoginViewController.swift */; };
		7DF82C6BDB630F571CEB2040 /* Pods_cleanse.framework in Frameworks */ = {isa = PBXBuildFile; fileRef = 4B377C7BA05B7ADCB8836DE7 /* Pods_cleanse.framework */; };
		B257A1EC1CA21604004859D0 /* AppDelegate.swift in Sources */ = {isa = PBXBuildFile; fileRef = B257A1EB1CA21604004859D0 /* AppDelegate.swift */; };
		B257A1EE1CA21604004859D0 /* ViewController.swift in Sources */ = {isa = PBXBuildFile; fileRef = B257A1ED1CA21604004859D0 /* ViewController.swift */; };
		B257A1F11CA21604004859D0 /* Main.storyboard in Resources */ = {isa = PBXBuildFile; fileRef = B257A1EF1CA21604004859D0 /* Main.storyboard */; };
		B257A1F31CA21604004859D0 /* Assets.xcassets in Resources */ = {isa = PBXBuildFile; fileRef = B257A1F21CA21604004859D0 /* Assets.xcassets */; };
		B257A1F61CA21604004859D0 /* LaunchScreen.storyboard in Resources */ = {isa = PBXBuildFile; fileRef = B257A1F41CA21604004859D0 /* LaunchScreen.storyboard */; };
		B257A2011CA21604004859D0 /* cleanseTests.swift in Sources */ = {isa = PBXBuildFile; fileRef = B257A2001CA21604004859D0 /* cleanseTests.swift */; };
		B257A20C1CA21604004859D0 /* cleanseUITests.swift in Sources */ = {isa = PBXBuildFile; fileRef = B257A20B1CA21604004859D0 /* cleanseUITests.swift */; };
		F009782F1CD93D5E52BFB416 /* libPods-cleanseUITests.a in Frameworks */ = {isa = PBXBuildFile; fileRef = EB1775E05E3E54F303048174 /* libPods-cleanseUITests.a */; };
/* End PBXBuildFile section */

/* Begin PBXContainerItemProxy section */
		B257A1FD1CA21604004859D0 /* PBXContainerItemProxy */ = {
			isa = PBXContainerItemProxy;
			containerPortal = B257A1E01CA21604004859D0 /* Project object */;
			proxyType = 1;
			remoteGlobalIDString = B257A1E71CA21604004859D0;
			remoteInfo = cleanse;
		};
		B257A2081CA21604004859D0 /* PBXContainerItemProxy */ = {
			isa = PBXContainerItemProxy;
			containerPortal = B257A1E01CA21604004859D0 /* Project object */;
			proxyType = 1;
			remoteGlobalIDString = B257A1E71CA21604004859D0;
			remoteInfo = cleanse;
		};
/* End PBXContainerItemProxy section */

/* Begin PBXFileReference section */
		2F6E3BF91CC6F55A00937584 /* LoginViewController.swift */ = {isa = PBXFileReference; fileEncoding = 4; lastKnownFileType = sourcecode.swift; name = LoginViewController.swift; path = Cleanse/LoginViewController.swift; sourceTree = SOURCE_ROOT; };
		452F80C9E00312B36416FA8B /* Pods-cleanseUITests.release.xcconfig */ = {isa = PBXFileReference; includeInIndex = 1; lastKnownFileType = text.xcconfig; name = "Pods-cleanseUITests.release.xcconfig"; path = "Pods/Target Support Files/Pods-cleanseUITests/Pods-cleanseUITests.release.xcconfig"; sourceTree = "<group>"; };
		4B377C7BA05B7ADCB8836DE7 /* Pods_cleanse.framework */ = {isa = PBXFileReference; explicitFileType = wrapper.framework; includeInIndex = 0; path = Pods_cleanse.framework; sourceTree = BUILT_PRODUCTS_DIR; };
		6D0523DA3F88DA9B85FA65DB /* Pods-cleanse.debug.xcconfig */ = {isa = PBXFileReference; includeInIndex = 1; lastKnownFileType = text.xcconfig; name = "Pods-cleanse.debug.xcconfig"; path = "Pods/Target Support Files/Pods-cleanse/Pods-cleanse.debug.xcconfig"; sourceTree = "<group>"; };
		76F4C8092CD0BAA0298D21F3 /* Pods-cleanseUITests.debug.xcconfig */ = {isa = PBXFileReference; includeInIndex = 1; lastKnownFileType = text.xcconfig; name = "Pods-cleanseUITests.debug.xcconfig"; path = "Pods/Target Support Files/Pods-cleanseUITests/Pods-cleanseUITests.debug.xcconfig"; sourceTree = "<group>"; };
		B257A1E81CA21604004859D0 /* cleanse.app */ = {isa = PBXFileReference; explicitFileType = wrapper.application; includeInIndex = 0; path = cleanse.app; sourceTree = BUILT_PRODUCTS_DIR; };
		B257A1EB1CA21604004859D0 /* AppDelegate.swift */ = {isa = PBXFileReference; lastKnownFileType = sourcecode.swift; path = AppDelegate.swift; sourceTree = "<group>"; };
		B257A1ED1CA21604004859D0 /* ViewController.swift */ = {isa = PBXFileReference; lastKnownFileType = sourcecode.swift; path = ViewController.swift; sourceTree = "<group>"; };
		B257A1F01CA21604004859D0 /* Base */ = {isa = PBXFileReference; lastKnownFileType = file.storyboard; name = Base; path = Base.lproj/Main.storyboard; sourceTree = "<group>"; };
		B257A1F21CA21604004859D0 /* Assets.xcassets */ = {isa = PBXFileReference; lastKnownFileType = folder.assetcatalog; path = Assets.xcassets; sourceTree = "<group>"; };
		B257A1F51CA21604004859D0 /* Base */ = {isa = PBXFileReference; lastKnownFileType = file.storyboard; name = Base; path = Base.lproj/LaunchScreen.storyboard; sourceTree = "<group>"; };
		B257A1F71CA21604004859D0 /* Info.plist */ = {isa = PBXFileReference; lastKnownFileType = text.plist.xml; path = Info.plist; sourceTree = "<group>"; };
		B257A1FC1CA21604004859D0 /* cleanseTests.xctest */ = {isa = PBXFileReference; explicitFileType = wrapper.cfbundle; includeInIndex = 0; path = cleanseTests.xctest; sourceTree = BUILT_PRODUCTS_DIR; };
		B257A2001CA21604004859D0 /* cleanseTests.swift */ = {isa = PBXFileReference; lastKnownFileType = sourcecode.swift; path = cleanseTests.swift; sourceTree = "<group>"; };
		B257A2021CA21604004859D0 /* Info.plist */ = {isa = PBXFileReference; lastKnownFileType = text.plist.xml; path = Info.plist; sourceTree = "<group>"; };
		B257A2071CA21604004859D0 /* cleanseUITests.xctest */ = {isa = PBXFileReference; explicitFileType = wrapper.cfbundle; includeInIndex = 0; path = cleanseUITests.xctest; sourceTree = BUILT_PRODUCTS_DIR; };
		B257A20B1CA21604004859D0 /* cleanseUITests.swift */ = {isa = PBXFileReference; lastKnownFileType = sourcecode.swift; path = cleanseUITests.swift; sourceTree = "<group>"; };
		B257A20D1CA21604004859D0 /* Info.plist */ = {isa = PBXFileReference; lastKnownFileType = text.plist.xml; path = Info.plist; sourceTree = "<group>"; };
		EB1775E05E3E54F303048174 /* libPods-cleanseUITests.a */ = {isa = PBXFileReference; explicitFileType = archive.ar; includeInIndex = 0; path = "libPods-cleanseUITests.a"; sourceTree = BUILT_PRODUCTS_DIR; };
		EBAA38334DB940B880850335 /* Pods-cleanse.release.xcconfig */ = {isa = PBXFileReference; includeInIndex = 1; lastKnownFileType = text.xcconfig; name = "Pods-cleanse.release.xcconfig"; path = "Pods/Target Support Files/Pods-cleanse/Pods-cleanse.release.xcconfig"; sourceTree = "<group>"; };
/* End PBXFileReference section */

/* Begin PBXFrameworksBuildPhase section */
		B257A1E51CA21604004859D0 /* Frameworks */ = {
			isa = PBXFrameworksBuildPhase;
			buildActionMask = 2147483647;
			files = (
				7DF82C6BDB630F571CEB2040 /* Pods_cleanse.framework in Frameworks */,
			);
			runOnlyForDeploymentPostprocessing = 0;
		};
		B257A1F91CA21604004859D0 /* Frameworks */ = {
			isa = PBXFrameworksBuildPhase;
			buildActionMask = 2147483647;
			files = (
			);
			runOnlyForDeploymentPostprocessing = 0;
		};
		B257A2041CA21604004859D0 /* Frameworks */ = {
			isa = PBXFrameworksBuildPhase;
			buildActionMask = 2147483647;
			files = (
				F009782F1CD93D5E52BFB416 /* libPods-cleanseUITests.a in Frameworks */,
			);
			runOnlyForDeploymentPostprocessing = 0;
		};
/* End PBXFrameworksBuildPhase section */

/* Begin PBXGroup section */
		0CCE3BF833028170C6580D39 /* Frameworks */ = {
			isa = PBXGroup;
			children = (
				EB1775E05E3E54F303048174 /* libPods-cleanseUITests.a */,
				4B377C7BA05B7ADCB8836DE7 /* Pods_cleanse.framework */,
			);
			name = Frameworks;
			sourceTree = "<group>";
		};
		AC8421FD7EFD103F2BE770C0 /* Pods */ = {
			isa = PBXGroup;
			children = (
				76F4C8092CD0BAA0298D21F3 /* Pods-cleanseUITests.debug.xcconfig */,
				452F80C9E00312B36416FA8B /* Pods-cleanseUITests.release.xcconfig */,
				6D0523DA3F88DA9B85FA65DB /* Pods-cleanse.debug.xcconfig */,
				EBAA38334DB940B880850335 /* Pods-cleanse.release.xcconfig */,
			);
			name = Pods;
			sourceTree = "<group>";
		};
		B257A1DF1CA21604004859D0 = {
			isa = PBXGroup;
			children = (
				B257A1EA1CA21604004859D0 /* cleanse */,
				B257A1FF1CA21604004859D0 /* cleanseTests */,
				B257A20A1CA21604004859D0 /* cleanseUITests */,
				B257A1E91CA21604004859D0 /* Products */,
				AC8421FD7EFD103F2BE770C0 /* Pods */,
				0CCE3BF833028170C6580D39 /* Frameworks */,
			);
			sourceTree = "<group>";
		};
		B257A1E91CA21604004859D0 /* Products */ = {
			isa = PBXGroup;
			children = (
				B257A1E81CA21604004859D0 /* cleanse.app */,
				B257A1FC1CA21604004859D0 /* cleanseTests.xctest */,
				B257A2071CA21604004859D0 /* cleanseUITests.xctest */,
			);
			name = Products;
			sourceTree = "<group>";
		};
		B257A1EA1CA21604004859D0 /* cleanse */ = {
			isa = PBXGroup;
			children = (
				B257A1EB1CA21604004859D0 /* AppDelegate.swift */,
				B257A1ED1CA21604004859D0 /* ViewController.swift */,
				B257A1EF1CA21604004859D0 /* Main.storyboard */,
				B257A1F21CA21604004859D0 /* Assets.xcassets */,
				B257A1F41CA21604004859D0 /* LaunchScreen.storyboard */,
				B257A1F71CA21604004859D0 /* Info.plist */,
				2F6E3BF91CC6F55A00937584 /* LoginViewController.swift */,
			);
			path = cleanse;
			sourceTree = "<group>";
		};
		B257A1FF1CA21604004859D0 /* cleanseTests */ = {
			isa = PBXGroup;
			children = (
				B257A2001CA21604004859D0 /* cleanseTests.swift */,
				B257A2021CA21604004859D0 /* Info.plist */,
			);
			path = cleanseTests;
			sourceTree = "<group>";
		};
		B257A20A1CA21604004859D0 /* cleanseUITests */ = {
			isa = PBXGroup;
			children = (
				B257A20B1CA21604004859D0 /* cleanseUITests.swift */,
				B257A20D1CA21604004859D0 /* Info.plist */,
			);
			path = cleanseUITests;
			sourceTree = "<group>";
		};
/* End PBXGroup section */

/* Begin PBXNativeTarget section */
		B257A1E71CA21604004859D0 /* cleanse */ = {
			isa = PBXNativeTarget;
			buildConfigurationList = B257A2101CA21604004859D0 /* Build configuration list for PBXNativeTarget "cleanse" */;
			buildPhases = (
				82378865C024DE737F5F80FC /* Check Pods Manifest.lock */,
				B257A1E41CA21604004859D0 /* Sources */,
				B257A1E51CA21604004859D0 /* Frameworks */,
				B257A1E61CA21604004859D0 /* Resources */,
				9E98CCFA2C98470F0B88B8E7 /* Embed Pods Frameworks */,
				2B08BBDA1071CB32D9DCDCED /* Copy Pods Resources */,
			);
			buildRules = (
			);
			dependencies = (
			);
			name = cleanse;
			productName = cleanse;
			productReference = B257A1E81CA21604004859D0 /* cleanse.app */;
			productType = "com.apple.product-type.application";
		};
		B257A1FB1CA21604004859D0 /* cleanseTests */ = {
			isa = PBXNativeTarget;
			buildConfigurationList = B257A2131CA21604004859D0 /* Build configuration list for PBXNativeTarget "cleanseTests" */;
			buildPhases = (
				B257A1F81CA21604004859D0 /* Sources */,
				B257A1F91CA21604004859D0 /* Frameworks */,
				B257A1FA1CA21604004859D0 /* Resources */,
			);
			buildRules = (
			);
			dependencies = (
				B257A1FE1CA21604004859D0 /* PBXTargetDependency */,
			);
			name = cleanseTests;
			productName = cleanseTests;
			productReference = B257A1FC1CA21604004859D0 /* cleanseTests.xctest */;
			productType = "com.apple.product-type.bundle.unit-test";
		};
		B257A2061CA21604004859D0 /* cleanseUITests */ = {
			isa = PBXNativeTarget;
			buildConfigurationList = B257A2161CA21604004859D0 /* Build configuration list for PBXNativeTarget "cleanseUITests" */;
			buildPhases = (
				6D2C6BBB9ACC2BC3B7B30C3F /* Check Pods Manifest.lock */,
				B257A2031CA21604004859D0 /* Sources */,
				B257A2041CA21604004859D0 /* Frameworks */,
				B257A2051CA21604004859D0 /* Resources */,
				7D0A1C0AA966B40A7A71EB41 /* Copy Pods Resources */,
			);
			buildRules = (
			);
			dependencies = (
				B257A2091CA21604004859D0 /* PBXTargetDependency */,
			);
			name = cleanseUITests;
			productName = cleanseUITests;
			productReference = B257A2071CA21604004859D0 /* cleanseUITests.xctest */;
			productType = "com.apple.product-type.bundle.ui-testing";
		};
/* End PBXNativeTarget section */

/* Begin PBXProject section */
		B257A1E01CA21604004859D0 /* Project object */ = {
			isa = PBXProject;
			attributes = {
				LastSwiftUpdateCheck = 0720;
				LastUpgradeCheck = 0720;
				ORGANIZATIONNAME = "cleanse co.";
				TargetAttributes = {
					B257A1E71CA21604004859D0 = {
						CreatedOnToolsVersion = 7.2.1;
					};
					B257A1FB1CA21604004859D0 = {
						CreatedOnToolsVersion = 7.2.1;
						TestTargetID = B257A1E71CA21604004859D0;
					};
					B257A2061CA21604004859D0 = {
						CreatedOnToolsVersion = 7.2.1;
						TestTargetID = B257A1E71CA21604004859D0;
					};
				};
			};
			buildConfigurationList = B257A1E31CA21604004859D0 /* Build configuration list for PBXProject "cleanse" */;
			compatibilityVersion = "Xcode 3.2";
			developmentRegion = English;
			hasScannedForEncodings = 0;
			knownRegions = (
				en,
				Base,
			);
			mainGroup = B257A1DF1CA21604004859D0;
			productRefGroup = B257A1E91CA21604004859D0 /* Products */;
			projectDirPath = "";
			projectRoot = "";
			targets = (
				B257A1E71CA21604004859D0 /* cleanse */,
				B257A1FB1CA21604004859D0 /* cleanseTests */,
				B257A2061CA21604004859D0 /* cleanseUITests */,
			);
		};
/* End PBXProject section */

/* Begin PBXResourcesBuildPhase section */
		B257A1E61CA21604004859D0 /* Resources */ = {
			isa = PBXResourcesBuildPhase;
			buildActionMask = 2147483647;
			files = (
				B257A1F61CA21604004859D0 /* LaunchScreen.storyboard in Resources */,
				B257A1F31CA21604004859D0 /* Assets.xcassets in Resources */,
				B257A1F11CA21604004859D0 /* Main.storyboard in Resources */,
			);
			runOnlyForDeploymentPostprocessing = 0;
		};
		B257A1FA1CA21604004859D0 /* Resources */ = {
			isa = PBXResourcesBuildPhase;
			buildActionMask = 2147483647;
			files = (
			);
			runOnlyForDeploymentPostprocessing = 0;
		};
		B257A2051CA21604004859D0 /* Resources */ = {
			isa = PBXResourcesBuildPhase;
			buildActionMask = 2147483647;
			files = (
			);
			runOnlyForDeploymentPostprocessing = 0;
		};
/* End PBXResourcesBuildPhase section */

/* Begin PBXShellScriptBuildPhase section */
		2B08BBDA1071CB32D9DCDCED /* Copy Pods Resources */ = {
			isa = PBXShellScriptBuildPhase;
			buildActionMask = 2147483647;
			files = (
			);
			inputPaths = (
			);
			name = "Copy Pods Resources";
			outputPaths = (
			);
			runOnlyForDeploymentPostprocessing = 0;
			shellPath = /bin/sh;
			shellScript = "\"${SRCROOT}/Pods/Target Support Files/Pods-cleanse/Pods-cleanse-resources.sh\"\n";
			showEnvVarsInLog = 0;
		};
		6D2C6BBB9ACC2BC3B7B30C3F /* Check Pods Manifest.lock */ = {
			isa = PBXShellScriptBuildPhase;
			buildActionMask = 2147483647;
			files = (
			);
			inputPaths = (
			);
			name = "Check Pods Manifest.lock";
			outputPaths = (
			);
			runOnlyForDeploymentPostprocessing = 0;
			shellPath = /bin/sh;
			shellScript = "diff \"${PODS_ROOT}/../Podfile.lock\" \"${PODS_ROOT}/Manifest.lock\" > /dev/null\nif [[ $? != 0 ]] ; then\n    cat << EOM\nerror: The sandbox is not in sync with the Podfile.lock. Run 'pod install' or update your CocoaPods installation.\nEOM\n    exit 1\nfi\n";
			showEnvVarsInLog = 0;
		};
		7D0A1C0AA966B40A7A71EB41 /* Copy Pods Resources */ = {
			isa = PBXShellScriptBuildPhase;
			buildActionMask = 2147483647;
			files = (
			);
			inputPaths = (
			);
			name = "Copy Pods Resources";
			outputPaths = (
			);
			runOnlyForDeploymentPostprocessing = 0;
			shellPath = /bin/sh;
			shellScript = "\"${SRCROOT}/Pods/Target Support Files/Pods-cleanseUITests/Pods-cleanseUITests-resources.sh\"\n";
			showEnvVarsInLog = 0;
		};
		82378865C024DE737F5F80FC /* Check Pods Manifest.lock */ = {
			isa = PBXShellScriptBuildPhase;
			buildActionMask = 2147483647;
			files = (
			);
			inputPaths = (
			);
			name = "Check Pods Manifest.lock";
			outputPaths = (
			);
			runOnlyForDeploymentPostprocessing = 0;
			shellPath = /bin/sh;
			shellScript = "diff \"${PODS_ROOT}/../Podfile.lock\" \"${PODS_ROOT}/Manifest.lock\" > /dev/null\nif [[ $? != 0 ]] ; then\n    cat << EOM\nerror: The sandbox is not in sync with the Podfile.lock. Run 'pod install' or update your CocoaPods installation.\nEOM\n    exit 1\nfi\n";
			showEnvVarsInLog = 0;
		};
		9E98CCFA2C98470F0B88B8E7 /* Embed Pods Frameworks */ = {
			isa = PBXShellScriptBuildPhase;
			buildActionMask = 2147483647;
			files = (
			);
			inputPaths = (
			);
			name = "Embed Pods Frameworks";
			outputPaths = (
			);
			runOnlyForDeploymentPostprocessing = 0;
			shellPath = /bin/sh;
			shellScript = "\"${SRCROOT}/Pods/Target Support Files/Pods-cleanse/Pods-cleanse-frameworks.sh\"\n";
			showEnvVarsInLog = 0;
		};
/* End PBXShellScriptBuildPhase section */

/* Begin PBXSourcesBuildPhase section */
		B257A1E41CA21604004859D0 /* Sources */ = {
			isa = PBXSourcesBuildPhase;
			buildActionMask = 2147483647;
			files = (
				2F6E3BFA1CC6F55A00937584 /* LoginViewController.swift in Sources */,
				B257A1EE1CA21604004859D0 /* ViewController.swift in Sources */,
				B257A1EC1CA21604004859D0 /* AppDelegate.swift in Sources */,
			);
			runOnlyForDeploymentPostprocessing = 0;
		};
		B257A1F81CA21604004859D0 /* Sources */ = {
			isa = PBXSourcesBuildPhase;
			buildActionMask = 2147483647;
			files = (
				B257A2011CA21604004859D0 /* cleanseTests.swift in Sources */,
			);
			runOnlyForDeploymentPostprocessing = 0;
		};
		B257A2031CA21604004859D0 /* Sources */ = {
			isa = PBXSourcesBuildPhase;
			buildActionMask = 2147483647;
			files = (
				B257A20C1CA21604004859D0 /* cleanseUITests.swift in Sources */,
			);
			runOnlyForDeploymentPostprocessing = 0;
		};
/* End PBXSourcesBuildPhase section */

/* Begin PBXTargetDependency section */
		B257A1FE1CA21604004859D0 /* PBXTargetDependency */ = {
			isa = PBXTargetDependency;
			target = B257A1E71CA21604004859D0 /* cleanse */;
			targetProxy = B257A1FD1CA21604004859D0 /* PBXContainerItemProxy */;
		};
		B257A2091CA21604004859D0 /* PBXTargetDependency */ = {
			isa = PBXTargetDependency;
			target = B257A1E71CA21604004859D0 /* cleanse */;
			targetProxy = B257A2081CA21604004859D0 /* PBXContainerItemProxy */;
		};
/* End PBXTargetDependency section */

/* Begin PBXVariantGroup section */
		B257A1EF1CA21604004859D0 /* Main.storyboard */ = {
			isa = PBXVariantGroup;
			children = (
				B257A1F01CA21604004859D0 /* Base */,
			);
			name = Main.storyboard;
			sourceTree = "<group>";
		};
		B257A1F41CA21604004859D0 /* LaunchScreen.storyboard */ = {
			isa = PBXVariantGroup;
			children = (
				B257A1F51CA21604004859D0 /* Base */,
			);
			name = LaunchScreen.storyboard;
			sourceTree = "<group>";
		};
/* End PBXVariantGroup section */

/* Begin XCBuildConfiguration section */
		B257A20E1CA21604004859D0 /* Debug */ = {
			isa = XCBuildConfiguration;
			buildSettings = {
				ALWAYS_SEARCH_USER_PATHS = NO;
				CLANG_CXX_LANGUAGE_STANDARD = "gnu++0x";
				CLANG_CXX_LIBRARY = "libc++";
				CLANG_ENABLE_MODULES = YES;
				CLANG_ENABLE_OBJC_ARC = YES;
				CLANG_WARN_BOOL_CONVERSION = YES;
				CLANG_WARN_CONSTANT_CONVERSION = YES;
				CLANG_WARN_DIRECT_OBJC_ISA_USAGE = YES_ERROR;
				CLANG_WARN_EMPTY_BODY = YES;
				CLANG_WARN_ENUM_CONVERSION = YES;
				CLANG_WARN_INT_CONVERSION = YES;
				CLANG_WARN_OBJC_ROOT_CLASS = YES_ERROR;
				CLANG_WARN_UNREACHABLE_CODE = YES;
				CLANG_WARN__DUPLICATE_METHOD_MATCH = YES;
				"CODE_SIGN_IDENTITY[sdk=iphoneos*]" = "iPhone Developer";
				COPY_PHASE_STRIP = NO;
				DEBUG_INFORMATION_FORMAT = dwarf;
				ENABLE_STRICT_OBJC_MSGSEND = YES;
				ENABLE_TESTABILITY = YES;
				GCC_C_LANGUAGE_STANDARD = gnu99;
				GCC_DYNAMIC_NO_PIC = NO;
				GCC_NO_COMMON_BLOCKS = YES;
				GCC_OPTIMIZATION_LEVEL = 0;
				GCC_PREPROCESSOR_DEFINITIONS = (
					"DEBUG=1",
					"$(inherited)",
				);
				GCC_WARN_64_TO_32_BIT_CONVERSION = YES;
				GCC_WARN_ABOUT_RETURN_TYPE = YES_ERROR;
				GCC_WARN_UNDECLARED_SELECTOR = YES;
				GCC_WARN_UNINITIALIZED_AUTOS = YES_AGGRESSIVE;
				GCC_WARN_UNUSED_FUNCTION = YES;
				GCC_WARN_UNUSED_VARIABLE = YES;
				IPHONEOS_DEPLOYMENT_TARGET = 9.2;
				MTL_ENABLE_DEBUG_INFO = YES;
				ONLY_ACTIVE_ARCH = YES;
				SDKROOT = iphoneos;
				SWIFT_OPTIMIZATION_LEVEL = "-Onone";
				TARGETED_DEVICE_FAMILY = "1,2";
			};
			name = Debug;
		};
		B257A20F1CA21604004859D0 /* Release */ = {
			isa = XCBuildConfiguration;
			buildSettings = {
				ALWAYS_SEARCH_USER_PATHS = NO;
				CLANG_CXX_LANGUAGE_STANDARD = "gnu++0x";
				CLANG_CXX_LIBRARY = "libc++";
				CLANG_ENABLE_MODULES = YES;
				CLANG_ENABLE_OBJC_ARC = YES;
				CLANG_WARN_BOOL_CONVERSION = YES;
				CLANG_WARN_CONSTANT_CONVERSION = YES;
				CLANG_WARN_DIRECT_OBJC_ISA_USAGE = YES_ERROR;
				CLANG_WARN_EMPTY_BODY = YES;
				CLANG_WARN_ENUM_CONVERSION = YES;
				CLANG_WARN_INT_CONVERSION = YES;
				CLANG_WARN_OBJC_ROOT_CLASS = YES_ERROR;
				CLANG_WARN_UNREACHABLE_CODE = YES;
				CLANG_WARN__DUPLICATE_METHOD_MATCH = YES;
				"CODE_SIGN_IDENTITY[sdk=iphoneos*]" = "iPhone Developer";
				COPY_PHASE_STRIP = NO;
				DEBUG_INFORMATION_FORMAT = "dwarf-with-dsym";
				ENABLE_NS_ASSERTIONS = NO;
				ENABLE_STRICT_OBJC_MSGSEND = YES;
				GCC_C_LANGUAGE_STANDARD = gnu99;
				GCC_NO_COMMON_BLOCKS = YES;
				GCC_WARN_64_TO_32_BIT_CONVERSION = YES;
				GCC_WARN_ABOUT_RETURN_TYPE = YES_ERROR;
				GCC_WARN_UNDECLARED_SELECTOR = YES;
				GCC_WARN_UNINITIALIZED_AUTOS = YES_AGGRESSIVE;
				GCC_WARN_UNUSED_FUNCTION = YES;
				GCC_WARN_UNUSED_VARIABLE = YES;
				IPHONEOS_DEPLOYMENT_TARGET = 9.2;
				MTL_ENABLE_DEBUG_INFO = NO;
				SDKROOT = iphoneos;
				TARGETED_DEVICE_FAMILY = "1,2";
				VALIDATE_PRODUCT = YES;
			};
			name = Release;
		};
		B257A2111CA21604004859D0 /* Debug */ = {
			isa = XCBuildConfiguration;
			baseConfigurationReference = 6D0523DA3F88DA9B85FA65DB /* Pods-cleanse.debug.xcconfig */;
			buildSettings = {
				ASSETCATALOG_COMPILER_APPICON_NAME = AppIcon;
				INFOPLIST_FILE = cleanse/Info.plist;
				LD_RUNPATH_SEARCH_PATHS = "$(inherited) @executable_path/Frameworks";
				PRODUCT_BUNDLE_IDENTIFIER = com.tim.cleanse;
				PRODUCT_NAME = "$(TARGET_NAME)";
			};
			name = Debug;
		};
		B257A2121CA21604004859D0 /* Release */ = {
			isa = XCBuildConfiguration;
			baseConfigurationReference = EBAA38334DB940B880850335 /* Pods-cleanse.release.xcconfig */;
			buildSettings = {
				ASSETCATALOG_COMPILER_APPICON_NAME = AppIcon;
				INFOPLIST_FILE = cleanse/Info.plist;
				LD_RUNPATH_SEARCH_PATHS = "$(inherited) @executable_path/Frameworks";
				PRODUCT_BUNDLE_IDENTIFIER = com.tim.cleanse;
				PRODUCT_NAME = "$(TARGET_NAME)";
			};
			name = Release;
		};
		B257A2141CA21604004859D0 /* Debug */ = {
			isa = XCBuildConfiguration;
			buildSettings = {
				BUNDLE_LOADER = "$(TEST_HOST)";
				INFOPLIST_FILE = cleanseTests/Info.plist;
				LD_RUNPATH_SEARCH_PATHS = "$(inherited) @executable_path/Frameworks @loader_path/Frameworks";
				PRODUCT_BUNDLE_IDENTIFIER = com.tim.cleanseTests;
				PRODUCT_NAME = "$(TARGET_NAME)";
				TEST_HOST = "$(BUILT_PRODUCTS_DIR)/cleanse.app/cleanse";
			};
			name = Debug;
		};
		B257A2151CA21604004859D0 /* Release */ = {
			isa = XCBuildConfiguration;
			buildSettings = {
				BUNDLE_LOADER = "$(TEST_HOST)";
				INFOPLIST_FILE = cleanseTests/Info.plist;
				LD_RUNPATH_SEARCH_PATHS = "$(inherited) @executable_path/Frameworks @loader_path/Frameworks";
				PRODUCT_BUNDLE_IDENTIFIER = com.tim.cleanseTests;
				PRODUCT_NAME = "$(TARGET_NAME)";
				TEST_HOST = "$(BUILT_PRODUCTS_DIR)/cleanse.app/cleanse";
			};
			name = Release;
		};
		B257A2171CA21604004859D0 /* Debug */ = {
			isa = XCBuildConfiguration;
			baseConfigurationReference = 76F4C8092CD0BAA0298D21F3 /* Pods-cleanseUITests.debug.xcconfig */;
			buildSettings = {
				INFOPLIST_FILE = cleanseUITests/Info.plist;
				LD_RUNPATH_SEARCH_PATHS = "$(inherited) @executable_path/Frameworks @loader_path/Frameworks";
				PRODUCT_BUNDLE_IDENTIFIER = com.tim.cleanseUITests;
				PRODUCT_NAME = "$(TARGET_NAME)";
				TEST_TARGET_NAME = cleanse;
				USES_XCTRUNNER = YES;
			};
			name = Debug;
		};
		B257A2181CA21604004859D0 /* Release */ = {
			isa = XCBuildConfiguration;
			baseConfigurationReference = 452F80C9E00312B36416FA8B /* Pods-cleanseUITests.release.xcconfig */;
			buildSettings = {
				INFOPLIST_FILE = cleanseUITests/Info.plist;
				LD_RUNPATH_SEARCH_PATHS = "$(inherited) @executable_path/Frameworks @loader_path/Frameworks";
				PRODUCT_BUNDLE_IDENTIFIER = com.tim.cleanseUITests;
				PRODUCT_NAME = "$(TARGET_NAME)";
				TEST_TARGET_NAME = cleanse;
				USES_XCTRUNNER = YES;
			};
			name = Release;
		};
/* End XCBuildConfiguration section */

/* Begin XCConfigurationList section */
		B257A1E31CA21604004859D0 /* Build configuration list for PBXProject "cleanse" */ = {
			isa = XCConfigurationList;
			buildConfigurations = (
				B257A20E1CA21604004859D0 /* Debug */,
				B257A20F1CA21604004859D0 /* Release */,
			);
			defaultConfigurationIsVisible = 0;
			defaultConfigurationName = Release;
		};
		B257A2101CA21604004859D0 /* Build configuration list for PBXNativeTarget "cleanse" */ = {
			isa = XCConfigurationList;
			buildConfigurations = (
				B257A2111CA21604004859D0 /* Debug */,
				B257A2121CA21604004859D0 /* Release */,
			);
			defaultConfigurationIsVisible = 0;
			defaultConfigurationName = Release;
		};
		B257A2131CA21604004859D0 /* Build configuration list for PBXNativeTarget "cleanseTests" */ = {
			isa = XCConfigurationList;
			buildConfigurations = (
				B257A2141CA21604004859D0 /* Debug */,
				B257A2151CA21604004859D0 /* Release */,
			);
			defaultConfigurationIsVisible = 0;
			defaultConfigurationName = Release;
		};
		B257A2161CA21604004859D0 /* Build configuration list for PBXNativeTarget "cleanseUITests" */ = {
			isa = XCConfigurationList;
			buildConfigurations = (
				B257A2171CA21604004859D0 /* Debug */,
				B257A2181CA21604004859D0 /* Release */,
			);
			defaultConfigurationIsVisible = 0;
			defaultConfigurationName = Release;
		};
/* End XCConfigurationList section */
	};
	rootObject = B257A1E01CA21604004859D0 /* Project object */;
}
